{
  "meteor": {},
  "dependencies": {
    "basePackages": {
      "google-contacts": {},
      "font-awesome": {},
      "bootstrap-3": {},
      "bootstrap3-wysihtml5": {},
      "iron-router": {
        "version": "0.7.0"
      },
      "npm": {},
      "trail": {},
      "iron-router-progress": {},
      "jquery-datatables": {},
      "headly": {}
    },
    "packages": {
      "google-contacts": {
        "git": "https://github.com/iyou/Meteor-Google-Contacts.git",
        "tag": "v0.1.1",
        "commit": "21927ee0b427fa33beda25bdbda63f5725ab0efb"
      },
      "font-awesome": {
        "git": "https://github.com/nate-strauser/meteor-font-awesome.git",
        "tag": "v4.1.0",
        "commit": "ce6b1e92715d1938babc5d69c655c17e387f5926"
      },
      "bootstrap-3": {
        "git": "https://github.com/mangasocial/meteor-bootstrap-3.git",
        "tag": "v3.1.1-1",
        "commit": "63dd38968828bb8963636df93e9a1c45e2dfe67e"
      },
      "bootstrap3-wysihtml5": {
        "git": "https://github.com/andreioprisan/meteor-bootstrap3-wysihtml5.git",
        "tag": "v0.3.3",
        "commit": "251d564c3eb5b5b7a89a3e3e63f58633e0816332"
      },
      "iron-router": {
        "git": "https://github.com/EventedMind/iron-router.git",
        "tag": "v0.7.0",
        "commit": "05f34bc48c4cad9fdaa366c1ddcabe6980232ece"
      },
      "npm": {
        "git": "https://github.com/arunoda/meteor-npm.git",
        "tag": "v0.2.6",
        "commit": "177ab6118de5bf8cffb19481343d5762ff7a2aaf"
      },
      "trail": {
        "git": "https://github.com/tbknl/meteor-trail.git",
        "tag": "v0.1.1",
        "commit": "34a641c6d610e5d0b1a03d38b3a8853161fd9e0b"
      },
      "iron-router-progress": {
        "git": "https://github.com/Multiply/iron-router-progress.git",
        "tag": "v0.4.0",
        "commit": "02f78bdaca4c13d59f548d5a0ce83408c34b56d1"
      },
      "jquery-datatables": {
        "git": "https://github.com/lumapictures/meteor-jquery-datatables",
        "tag": "v1.0.5",
        "commit": "fe4fb3178386f88eeac9139b7680646b320e321d"
      },
      "headly": {
        "git": "https://github.com/ayal/headly",
        "tag": "v0.1.1",
        "commit": "f14effc81eab10efb876664bc010a5341ac95358"
      },
      "blaze-layout": {
        "git": "https://github.com/EventedMind/blaze-layout.git",
        "tag": "v0.2.2",
        "commit": "8bc53798fe5965669ae67c72f91829fcfdceabfd"
      },
      "luma-component": {
        "git": "https://github.com/LumaPictures/meteor-luma-component",
        "tag": "v1.0.5",
        "commit": "9d567068048e9ca82699b096e78c3f7ec76c0fa4"
      }
    }
  }
}
