{
  "meteor": {},
  "dependencies": {
    "basePackages": {
      "google-contacts": {},
      "font-awesome": {},
      "bootstrap-3": {},
      "bootstrap3-wysihtml5": {},
      "iron-router": {
        "version": "0.7.0"
      },
      "npm": {},
      "trail": {},
      "iron-router-progress": {},
      "jquery-datatables": {},
      "ms-seo": {},
      "accounts-merge": {},
      "urlify2": {},
      "houston": {}
    },
    "packages": {
      "google-contacts": {
        "git": "https://github.com/iyou/Meteor-Google-Contacts.git",
        "tag": "v0.1.1",
        "commit": "21927ee0b427fa33beda25bdbda63f5725ab0efb"
      },
      "font-awesome": {
        "git": "https://github.com/nate-strauser/meteor-font-awesome.git",
        "tag": "v4.1.0",
        "commit": "ce6b1e92715d1938babc5d69c655c17e387f5926"
      },
      "bootstrap-3": {
        "git": "https://github.com/mangasocial/meteor-bootstrap-3.git",
        "tag": "v3.2.0-1",
        "commit": "17a63902fc6cf1096c5289d963c66cf28b474727"
      },
      "bootstrap3-wysihtml5": {
        "git": "https://github.com/andreioprisan/meteor-bootstrap3-wysihtml5.git",
        "tag": "v0.3.3",
        "commit": "251d564c3eb5b5b7a89a3e3e63f58633e0816332"
      },
      "iron-router": {
        "git": "https://github.com/EventedMind/iron-router.git",
        "tag": "v0.7.0",
        "commit": "05f34bc48c4cad9fdaa366c1ddcabe6980232ece"
      },
      "npm": {
        "git": "https://github.com/arunoda/meteor-npm.git",
        "tag": "v0.2.6",
        "commit": "177ab6118de5bf8cffb19481343d5762ff7a2aaf"
      },
      "trail": {
        "git": "https://github.com/tbknl/meteor-trail.git",
        "tag": "v0.1.1",
        "commit": "34a641c6d610e5d0b1a03d38b3a8853161fd9e0b"
      },
      "iron-router-progress": {
        "git": "https://github.com/Multiply/iron-router-progress.git",
        "tag": "v0.4.1",
        "commit": "496fcda9a6ec352b4733725f60c6f280250c3541"
      },
      "jquery-datatables": {
        "git": "https://github.com/lumapictures/meteor-jquery-datatables",
        "tag": "v1.0.5",
        "commit": "fe4fb3178386f88eeac9139b7680646b320e321d"
      },
      "ms-seo": {
        "git": "https://github.com/DerMambo/ms-seo",
        "tag": "v0.2.6",
        "commit": "1a4ba31a1f6f29009d3941e9dd883829ff4e4b8b"
      },
      "accounts-merge": {
        "git": "https://github.com/lirbank/meteor-accounts-merge.git",
        "tag": "v0.0.7",
        "commit": "ae5c08bb1574858257291fa11982733e6e1937f0"
      },
      "urlify2": {
        "git": "https://github.com/peerlibrary/meteor-urlify2.git",
        "tag": "v0.2.2",
        "commit": "5d33ec1eaa1f815a56a0b70c0c9eddc4aed4c33e"
      },
      "houston": {
        "git": "https://github.com/gterrono/houston.git",
        "tag": "v1.0.7",
        "commit": "a27e9e42d03764f09a6681a98945787fe1f6303d"
      },
      "blaze-layout": {
        "git": "https://github.com/EventedMind/blaze-layout.git",
        "tag": "v0.2.2",
        "commit": "8bc53798fe5965669ae67c72f91829fcfdceabfd"
      },
      "luma-component": {
        "git": "https://github.com/LumaPictures/meteor-luma-component",
        "tag": "v1.0.5",
        "commit": "9d567068048e9ca82699b096e78c3f7ec76c0fa4"
      },
      "paginated-subscription": {
        "git": "https://github.com/tmeasday/meteor-paginated-subscription.git",
        "tag": "v0.2.2",
        "commit": "2133a2163575f569f90253f81314f21b2bf08d20"
      },
      "spin": {
        "git": "https://github.com/SachaG/meteor-spin.git",
        "tag": "v2.0.3",
        "commit": "23c1145472a710d5c93fa4beaca4e576caeb2f24"
      }
    }
  }
}
