{
  "dependencies": {
    "nodemailer": {
      "version": "0.6.0",
      "dependencies": {
        "mailcomposer": {
          "version": "0.2.12",
          "dependencies": {
            "mimelib": {
              "version": "0.2.17",
              "dependencies": {
                "encoding": {
                  "version": "0.1.8",
                  "dependencies": {
                    "iconv-lite": {
                      "version": "0.4.4"
                    }
                  }
                },
                "addressparser": {
                  "version": "0.2.1"
                }
              }
            },
            "mime": {
              "version": "1.2.11"
            },
            "follow-redirects": {
              "version": "0.0.3",
              "dependencies": {
                "underscore": {
                  "version": "1.7.0"
                }
              }
            },
            "dkim-signer": {
              "version": "0.1.2",
              "dependencies": {
                "punycode": {
                  "version": "1.2.4"
                }
              }
            }
          }
        },
        "simplesmtp": {
          "version": "0.3.33",
          "dependencies": {
            "rai": {
              "version": "0.1.11"
            },
            "xoauth2": {
              "version": "0.1.8"
            }
          }
        },
        "directmail": {
          "version": "0.1.8"
        },
        "he": {
          "version": "0.3.6"
        },
        "public-address": {
          "version": "0.1.1"
        },
        "readable-stream": {
          "version": "1.1.13",
          "dependencies": {
            "core-util-is": {
              "version": "1.0.1"
            },
            "isarray": {
              "version": "0.0.1"
            },
            "string_decoder": {
              "version": "0.10.31"
            },
            "inherits": {
              "version": "2.0.1"
            }
          }
        }
      }
    }
  }
}
