{
  "dependencies": {
    "nodemailer": {
      "version": "http://registry.npmjs.org/nodemailer/-/nodemailer-0.6.0.tgz",
      "dependencies": {
        "mailcomposer": {
          "version": "http://registry.npmjs.org/mailcomposer/-/mailcomposer-0.2.12.tgz",
          "dependencies": {
            "mimelib": {
              "version": "http://registry.npmjs.org/mimelib/-/mimelib-0.2.17.tgz",
              "dependencies": {
                "encoding": {
                  "version": "http://registry.npmjs.org/encoding/-/encoding-0.1.8.tgz",
                  "dependencies": {
                    "iconv-lite": {
                      "version": "http://registry.npmjs.org/iconv-lite/-/iconv-lite-0.4.4.tgz"
                    }
                  }
                },
                "addressparser": {
                  "version": "http://registry.npmjs.org/addressparser/-/addressparser-0.2.1.tgz"
                }
              }
            },
            "mime": {
              "version": "http://registry.npmjs.org/mime/-/mime-1.2.11.tgz"
            },
            "follow-redirects": {
              "version": "http://registry.npmjs.org/follow-redirects/-/follow-redirects-0.0.3.tgz",
              "dependencies": {
                "underscore": {
                  "version": "http://registry.npmjs.org/underscore/-/underscore-1.7.0.tgz"
                }
              }
            },
            "dkim-signer": {
              "version": "http://registry.npmjs.org/dkim-signer/-/dkim-signer-0.1.2.tgz",
              "dependencies": {
                "punycode": {
                  "version": "http://registry.npmjs.org/punycode/-/punycode-1.2.4.tgz"
                }
              }
            }
          }
        },
        "simplesmtp": {
          "version": "http://registry.npmjs.org/simplesmtp/-/simplesmtp-0.3.32.tgz",
          "dependencies": {
            "rai": {
              "version": "http://registry.npmjs.org/rai/-/rai-0.1.11.tgz"
            },
            "xoauth2": {
              "version": "http://registry.npmjs.org/xoauth2/-/xoauth2-0.1.8.tgz"
            }
          }
        },
        "directmail": {
          "version": "http://registry.npmjs.org/directmail/-/directmail-0.1.8.tgz"
        },
        "he": {
          "version": "http://registry.npmjs.org/he/-/he-0.3.6.tgz"
        },
        "public-address": {
          "version": "http://registry.npmjs.org/public-address/-/public-address-0.1.1.tgz"
        },
        "readable-stream": {
          "version": "http://registry.npmjs.org/readable-stream/-/readable-stream-1.1.13.tgz",
          "dependencies": {
            "core-util-is": {
              "version": "http://registry.npmjs.org/core-util-is/-/core-util-is-1.0.1.tgz"
            },
            "isarray": {
              "version": "http://registry.npmjs.org/isarray/-/isarray-0.0.1.tgz"
            },
            "string_decoder": {
              "version": "http://registry.npmjs.org/string_decoder/-/string_decoder-0.10.31.tgz"
            },
            "inherits": {
              "version": "http://registry.npmjs.org/inherits/-/inherits-2.0.1.tgz"
            }
          }
        }
      }
    }
  }
}
