{
  "dependencies": {
    "imap": {
      "version": "http://registry.npmjs.org/imap/-/imap-0.8.7.tgz",
      "dependencies": {
        "utf7": {
          "version": "http://registry.npmjs.org/utf7/-/utf7-1.0.0.tgz"
        },
        "readable-stream": {
          "version": "http://registry.npmjs.org/readable-stream/-/readable-stream-1.1.13.tgz",
          "dependencies": {
            "core-util-is": {
              "version": "http://registry.npmjs.org/core-util-is/-/core-util-is-1.0.1.tgz"
            },
            "isarray": {
              "version": "http://registry.npmjs.org/isarray/-/isarray-0.0.1.tgz"
            },
            "string_decoder": {
              "version": "http://registry.npmjs.org/string_decoder/-/string_decoder-0.10.31.tgz"
            },
            "inherits": {
              "version": "http://registry.npmjs.org/inherits/-/inherits-2.0.1.tgz"
            }
          }
        }
      }
    }
  }
}
